github.com/995933447/confloader v0.0.0-20230314141707-e7b191386ae2 h1:lElTU+vnP6+DR9W6kGbnHXL45zJsXFsWtvYt6bForCA=
github.com/995933447/confloader v0.0.0-20230314141707-e7b191386ae2/go.mod h1:52j1FekZ42S3gc7Fy8A54Mr0H5MVbEbRLo8rG/HRY5U=
github.com/995933447/goconsole v0.0.0-20230209083111-0fccb97a62d1 h1:5ioS07sepDUliBiX/1CHSXAabFS1Yp2PfPidMIGcwCc=
github.com/995933447/goconsole v0.0.0-20230209083111-0fccb97a62d1/go.mod h1:eOQfCSv/zLNz8iC0X4dDn3ULaDB1T/ZfmjkS2YRchyA=
github.com/995933447/simpletrace v0.0.0-20230217061256-c25a914bd376 h1:hIHav2TTYiAGn87d9CGiuuty5cT/YBOb5Uxs52FoDgs=
github.com/995933447/simpletrace v0.0.0-20230217061256-c25a914bd376/go.mod h1:Kh2+nE3eCIOSIwSo8Sxj/MbWt1KPMJJz+9SHptuYr6s=
github.com/995933447/std-go v0.0.0-20220806175833-ab3496c0b696 h1:GzBuvejakMWMZ6QWpbpcFmJb9WYrZ++yOrm/IEap+hw=
github.com/995933447/std-go v0.0.0-20220806175833-ab3496c0b696/go.mod h1:Y48pg+Gwti1Ck6BZSCm/+UHmtzC4A1pARw6UdFMpNaI=
github.com/995933447/stringhelper-go v0.0.0-20221220072216-628db3bc29d8 h1:q37SO0GTj/dk35jov187h3CACffZle6KjVzgGOrLkBM=
github.com/995933447/stringhelper-go v0.0.0-20221220072216-628db3bc29d8/go.mod h1:cwkwj1/zndmaLbRYgQqy6qwY/ITAiEMdR+1BGssgXik=
github.com/BurntSushi/toml v1.2.1 h1:9F2/+DoOYIOksmaJFPw1tGFy1eDnIJXg+UHjuD8lTak=
github.com/BurntSushi/toml v1.2.1/go.mod h1:CxXYINrC8qIiEnFrOxCa7Jy5BFHlXnUU2pbicEuybxQ=
github.com/davecgh/go-spew v1.1.0/go.mod h1:J7Y8YcW2NihsgmVo/mv3lAwl/skON4iLHjSsI+c5H38=
github.com/davecgh/go-spew v1.1.1 h1:vj9j/u1bqnvCEfJOwUhtlOARqs3+rkHYY13jYWTU97c=
github.com/davecgh/go-spew v1.1.1/go.mod h1:J7Y8YcW2NihsgmVo/mv3lAwl/skON4iLHjSsI+c5H38=
github.com/fsnotify/fsnotify v1.6.0 h1:n+5WquG0fcWoWp6xPWfHdbskMCQaFnG6PfBrh1Ky4HY=
github.com/fsnotify/fsnotify v1.6.0/go.mod h1:sl3t1tCWJFWoRz9R8WJCbQihKKwmorjAbSClcnxKAGw=
github.com/golang/snappy v0.0.4 h1:yAGX7huGHXlcLOEtBnF4w7FQwA26wojNCwOYAEhLjQM=
github.com/golang/snappy v0.0.4/go.mod h1:/XxbfmMg8lxefKM7IXC3fBNl/7bRcc72aCRzEWrmP2Q=
github.com/google/gofuzz v1.0.0/go.mod h1:dBl0BpW6vV/+mYPU4Po3pmUjxk6FQPldtuIdl/M65Eg=
github.com/gzjjyz/logger v0.0.0-20230915095704-4f47a2bda476 h1:VXtyBiT0XSajk1MzLf954NNOQ7FcuzxN/HZdt7qFpg8=
github.com/gzjjyz/logger v0.0.0-20230915095704-4f47a2bda476/go.mod h1:gprPXTGx81jPjvyzlmtAXXipb19GljNksgvb/RfBhHI=
github.com/gzjjyz/srvlib v0.0.6 h1:PPHdFedP3/3DaK9HcDEhwrb1BV9XE8D3a31lpmmtilA=
github.com/gzjjyz/srvlib v0.0.6/go.mod h1:AMaDOAWcGRdHSST6l47UfAXlyMoWH/EhkN9KgxaAsSo=
github.com/gzjjyz/srvlib v1.0.0 h1:bqvHo85b1z7VbpwOuRw6u57ukmxY3A6xuiLJ+gXHSlw=
github.com/gzjjyz/srvlib v1.0.0/go.mod h1:OiI5eu/8zZKn+uwSCst36/BVKDThksXwKL+rBcgSouE=
github.com/gzjjyz/trace v0.0.0-20230831064247-64e42e91ac5d h1:PTnoIySa/HfBhvpT+S0AehoMGpiT+BTQF+xomG1ypkQ=
github.com/gzjjyz/trace v0.0.0-20230831064247-64e42e91ac5d/go.mod h1:FOo0hrIPxyN2/x/MYlMKng+N+Wh+HehilHVHugYpNH4=
github.com/huandu/go-assert v1.1.5 h1:fjemmA7sSfYHJD7CUqs9qTwwfdNAx7/j2/ZlHXzNB3c=
github.com/huandu/go-assert v1.1.5/go.mod h1:yOLvuqZwmcHIC5rIzrBhT7D3Q9c3GFnd0JrPVhn/06U=
github.com/huandu/go-clone v1.6.0 h1:HMo5uvg4wgfiy5FoGOqlFLQED/VGRm2D9Pi8g1FXPGc=
github.com/huandu/go-clone v1.6.0/go.mod h1:ReGivhG6op3GYr+UY3lS6mxjKp7MIGTknuU5TbTVaXE=
github.com/json-iterator/go v1.1.12 h1:PV8peI4a0ysnczrg+LtxykD8LfKY9ML6u2jnxaEnrnM=
github.com/json-iterator/go v1.1.12/go.mod h1:e30LSqwooZae/UwlEbR2852Gd8hjQvJoHmT4TnhNGBo=
github.com/modern-go/concurrent v0.0.0-20180228061459-e0a39a4cb421 h1:ZqeYNhU3OHLH3mGKHDcjJRFFRrJa6eAM5H+CtDdOsPc=
github.com/modern-go/concurrent v0.0.0-20180228061459-e0a39a4cb421/go.mod h1:6dJC0mAP4ikYIbvyc7fijjWJddQyLn8Ig3JB5CqoB9Q=
github.com/modern-go/concurrent v0.0.0-20180306012644-bacd9c7ef1dd h1:TRLaZ9cD/w8PVh93nsPXa1VrQ6jlwL5oN8l14QlcNfg=
github.com/modern-go/concurrent v0.0.0-20180306012644-bacd9c7ef1dd/go.mod h1:6dJC0mAP4ikYIbvyc7fijjWJddQyLn8Ig3JB5CqoB9Q=
github.com/modern-go/reflect2 v1.0.2 h1:xBagoLtFs94CBntxluKeaWgTMpvLxC4ur3nMaC9Gz0M=
github.com/modern-go/reflect2 v1.0.2/go.mod h1:yWuevngMOJpCy52FWWMvUC8ws7m/LJsjYzDa0/r8luk=
github.com/petermattis/goid v0.0.0-20230808133559-b036b712a89b h1:vab8deKC4QoIfm9fJM59iuNz1ELGsuLoYYpiF+pHiG8=
github.com/petermattis/goid v0.0.0-20230808133559-b036b712a89b/go.mod h1:pxMtw7cyUw6B2bRH0ZBANSPg+AoSud1I1iyJHI69jH4=
github.com/pmezard/go-difflib v1.0.0 h1:4DBwDE0NGyQoBHbLQYPwSUPoCMWR5BEzIk/f1lZbAQM=
github.com/pmezard/go-difflib v1.0.0/go.mod h1:iKH77koFhYxTK1pcRnkKkqfTogsbg7gZNVY4sRDYZ/4=
github.com/stretchr/objx v0.1.0/go.mod h1:HFkY916IF+rwdDfMAkV7OtwuqBVzrE8GR6GFx+wExME=
github.com/stretchr/testify v1.3.0/go.mod h1:M5WIy9Dh21IEIfnGCwXGc5bZfKNJtfHm1UVUgZn+9EI=
github.com/stretchr/testify v1.4.0 h1:2E4SXV/wtOkTonXsotYi4li6zVWxYlZuYNCXe9XRJyk=
github.com/stretchr/testify v1.4.0/go.mod h1:j7eGeouHqKxXV5pUuKE4zz7dFj8WfuZ+81PSLYec5m4=
golang.org/x/sys v0.0.0-20220908164124-27713097b956/go.mod h1:oPkhp1MJrh7nUepCBck5+mAzfO9JrbApNNgaTdGDITg=
golang.org/x/sys v0.7.0 h1:3jlCCIQZPdOYu1h8BkNvLz8Kgwtae2cagcG/VamtZRU=
golang.org/x/sys v0.7.0/go.mod h1:oPkhp1MJrh7nUepCBck5+mAzfO9JrbApNNgaTdGDITg=
gopkg.in/check.v1 v0.0.0-20161208181325-20d25e280405/go.mod h1:Co6ibVJAznAaIkqp8huTwlJQCZ016jof/cbN4VW5Yz0=
gopkg.in/yaml.v2 v2.2.2 h1:ZCJp+EgiOT7lHqUV2J862kp8Qj64Jo6az82+3Td9dZw=
gopkg.in/yaml.v2 v2.2.2/go.mod h1:hI93XBmqTisBFMUTm0b8Fm+jr3Dg1NNxqwp+5A1VGuI=
